{
  "name": "react-hooks",
  "lockfileVersion": 3,
  "requires": true,
  "packages": {
    "": {
      "dependencies": {
        "typeface-cormorant-garamond": "^1.1.13"
      }
    },
    "node_modules/typeface-cormorant-garamond": {
      "version": "1.1.13",
      "resolved": "https://registry.npmjs.org/typeface-cormorant-garamond/-/typeface-cormorant-garamond-1.1.13.tgz",
      "integrity": "sha512-LgDoQk6uZAPzNaxCgjCO/bigbwjQymqSesqORthVvXSuy4yICLZ30IitQHYIQpOvQ4PC6B8BfNx5NSPezmLc8A=="
    }
  }
}
